
Microsoft Visual Studio Solution File, Format Version 12.00
# Visual Studio Version 16
VisualStudioVersion = 16.0.30330.147
MinimumVisualStudioVersion = 10.0.40219.1
Project("{F184B08F-C81C-45F6-A57F-5ABD9991F28F}") = "SCRAPConveyor", "SCRAPConveyor.vbproj", "{3B6C8BA1-4655-42D8-A0A9-25C3411E9BAA}"
EndProject
Global
	GlobalSection(SolutionConfigurationPlatforms) = preSolution
		Debug|Any CPU = Debug|Any CPU
		Release|Any CPU = Release|Any CPU
	EndGlobalSection
	GlobalSection(ProjectConfigurationPlatforms) = postSolution
		{3B6C8BA1-4655-42D8-A0A9-25C3411E9BAA}.Debug|Any CPU.ActiveCfg = Debug|Any CPU
		{3B6C8BA1-4655-42D8-A0A9-25C3411E9BAA}.Debug|Any CPU.Build.0 = Debug|Any CPU
		{3B6C8BA1-4655-42D8-A0A9-25C3411E9BAA}.Release|Any CPU.ActiveCfg = Release|Any CPU
		{3B6C8BA1-4655-42D8-A0A9-25C3411E9BAA}.Release|Any CPU.Build.0 = Release|Any CPU
	EndGlobalSection
	GlobalSection(SolutionProperties) = preSolution
		HideSolutionNode = FALSE
	EndGlobalSection
	GlobalSection(ExtensibilityGlobals) = postSolution
		SolutionGuid = {D53918AE-92F2-4FAD-933D-AE7EBB11CED6}
	EndGlobalSection
EndGlobal
